
Microsoft Visual Studio Solution File, Format Version 12.00
# Visual Studio 2013
VisualStudioVersion = 12.0.31101.0
MinimumVisualStudioVersion = 10.0.40219.1
Project("{FAE04EC0-301F-11D3-BF4B-00C04F79EFBC}") = "Asn1Net.Reader", "Asn1Net.Reader\Asn1Net.Reader.csproj", "{3F2C8AC8-796E-4B26-9535-43F66541185F}"
EndProject
Project("{FAE04EC0-301F-11D3-BF4B-00C04F79EFBC}") = "Tests", "Tests\Tests.csproj", "{6D6F6AFA-B19F-46E2-98CF-36D0D6984E65}"
EndProject
Global
	GlobalSection(SolutionConfigurationPlatforms) = preSolution
		Debug|Any CPU = Debug|Any CPU
		Release|Any CPU = Release|Any CPU
	EndGlobalSection
	GlobalSection(ProjectConfigurationPlatforms) = postSolution
		{3F2C8AC8-796E-4B26-9535-43F66541185F}.Debug|Any CPU.ActiveCfg = Debug|Any CPU
		{3F2C8AC8-796E-4B26-9535-43F66541185F}.Debug|Any CPU.Build.0 = Debug|Any CPU
		{3F2C8AC8-796E-4B26-9535-43F66541185F}.Release|Any CPU.ActiveCfg = Release|Any CPU
		{3F2C8AC8-796E-4B26-9535-43F66541185F}.Release|Any CPU.Build.0 = Release|Any CPU
		{6D6F6AFA-B19F-46E2-98CF-36D0D6984E65}.Debug|Any CPU.ActiveCfg = Debug|Any CPU
		{6D6F6AFA-B19F-46E2-98CF-36D0D6984E65}.Debug|Any CPU.Build.0 = Debug|Any CPU
		{6D6F6AFA-B19F-46E2-98CF-36D0D6984E65}.Release|Any CPU.ActiveCfg = Release|Any CPU
		{6D6F6AFA-B19F-46E2-98CF-36D0D6984E65}.Release|Any CPU.Build.0 = Release|Any CPU
	EndGlobalSection
	GlobalSection(SolutionProperties) = preSolution
		HideSolutionNode = FALSE
	EndGlobalSection
EndGlobal
